
Microsoft Visual Studio Solution File, Format Version 12.00
# Visual Studio Version 17
VisualStudioVersion = 17.6.33717.318
MinimumVisualStudioVersion = 10.0.40219.1
Project("{FAE04EC0-301F-11D3-BF4B-00C04F79EFBC}") = "DioBootcampWex", "DioBootcampWex\DioBootcampWex.csproj", "{0D9B6DF8-BFDD-4174-8F46-973FA5087229}"
EndProject
Project("{FAE04EC0-301F-11D3-BF4B-00C04F79EFBC}") = "DomainService", "DomainService\DomainService.csproj", "{FCCDB090-25FF-4966-9F8E-7A6FFE169462}"
EndProject
Project("{FAE04EC0-301F-11D3-BF4B-00C04F79EFBC}") = "Repository", "Repository\Repository.csproj", "{A0DF426E-2205-4D20-ABD6-EF5F2F11A1E3}"
EndProject
Project("{FAE04EC0-301F-11D3-BF4B-00C04F79EFBC}") = "DioBootcampWexTests", "DioBootcampWexTests\DioBootcampWexTests.csproj", "{28041580-7149-4D69-BAA4-8DB4A97B99C2}"
EndProject
Project("{2150E333-8FDC-42A3-9474-1A3956D46DE8}") = "1-Application", "1-Application", "{031FBC51-95DA-4E69-98A9-6C25D625F05C}"
EndProject
Project("{2150E333-8FDC-42A3-9474-1A3956D46DE8}") = "2-Domain", "2-Domain", "{D029C169-38C9-4ABE-98B4-972B7D6B65D1}"
EndProject
Project("{2150E333-8FDC-42A3-9474-1A3956D46DE8}") = "3-Data", "3-Data", "{6C43FBEE-E713-47B1-98C6-E2FDC8F64D06}"
EndProject
Project("{2150E333-8FDC-42A3-9474-1A3956D46DE8}") = "4-Tests", "4-Tests", "{DAFF7EBC-F1E3-4708-A6FD-AA8E014D4961}"
EndProject
Global
	GlobalSection(SolutionConfigurationPlatforms) = preSolution
		Debug|Any CPU = Debug|Any CPU
		Release|Any CPU = Release|Any CPU
	EndGlobalSection
	GlobalSection(ProjectConfigurationPlatforms) = postSolution
		{0D9B6DF8-BFDD-4174-8F46-973FA5087229}.Debug|Any CPU.ActiveCfg = Debug|Any CPU
		{0D9B6DF8-BFDD-4174-8F46-973FA5087229}.Debug|Any CPU.Build.0 = Debug|Any CPU
		{0D9B6DF8-BFDD-4174-8F46-973FA5087229}.Release|Any CPU.ActiveCfg = Release|Any CPU
		{0D9B6DF8-BFDD-4174-8F46-973FA5087229}.Release|Any CPU.Build.0 = Release|Any CPU
		{FCCDB090-25FF-4966-9F8E-7A6FFE169462}.Debug|Any CPU.ActiveCfg = Debug|Any CPU
		{FCCDB090-25FF-4966-9F8E-7A6FFE169462}.Debug|Any CPU.Build.0 = Debug|Any CPU
		{FCCDB090-25FF-4966-9F8E-7A6FFE169462}.Release|Any CPU.ActiveCfg = Release|Any CPU
		{FCCDB090-25FF-4966-9F8E-7A6FFE169462}.Release|Any CPU.Build.0 = Release|Any CPU
		{A0DF426E-2205-4D20-ABD6-EF5F2F11A1E3}.Debug|Any CPU.ActiveCfg = Debug|Any CPU
		{A0DF426E-2205-4D20-ABD6-EF5F2F11A1E3}.Debug|Any CPU.Build.0 = Debug|Any CPU
		{A0DF426E-2205-4D20-ABD6-EF5F2F11A1E3}.Release|Any CPU.ActiveCfg = Release|Any CPU
		{A0DF426E-2205-4D20-ABD6-EF5F2F11A1E3}.Release|Any CPU.Build.0 = Release|Any CPU
		{28041580-7149-4D69-BAA4-8DB4A97B99C2}.Debug|Any CPU.ActiveCfg = Debug|Any CPU
		{28041580-7149-4D69-BAA4-8DB4A97B99C2}.Debug|Any CPU.Build.0 = Debug|Any CPU
		{28041580-7149-4D69-BAA4-8DB4A97B99C2}.Release|Any CPU.ActiveCfg = Release|Any CPU
		{28041580-7149-4D69-BAA4-8DB4A97B99C2}.Release|Any CPU.Build.0 = Release|Any CPU
	EndGlobalSection
	GlobalSection(SolutionProperties) = preSolution
		HideSolutionNode = FALSE
	EndGlobalSection
	GlobalSection(NestedProjects) = preSolution
		{0D9B6DF8-BFDD-4174-8F46-973FA5087229} = {031FBC51-95DA-4E69-98A9-6C25D625F05C}
		{FCCDB090-25FF-4966-9F8E-7A6FFE169462} = {D029C169-38C9-4ABE-98B4-972B7D6B65D1}
		{A0DF426E-2205-4D20-ABD6-EF5F2F11A1E3} = {6C43FBEE-E713-47B1-98C6-E2FDC8F64D06}
		{28041580-7149-4D69-BAA4-8DB4A97B99C2} = {DAFF7EBC-F1E3-4708-A6FD-AA8E014D4961}
	EndGlobalSection
	GlobalSection(ExtensibilityGlobals) = postSolution
		SolutionGuid = {AE7C4CCC-5774-488C-8FA0-07CFD6CEED7C}
	EndGlobalSection
EndGlobal
